
Microsoft Visual Studio Solution File, Format Version 12.00
# Visual Studio 14
VisualStudioVersion = 14.0.25420.1
MinimumVisualStudioVersion = 10.0.40219.1
Project("{FAE04EC0-301F-11D3-BF4B-00C04F79EFBC}") = "io.ebu.eis.contentmanager", "io.ebu.eis.contentmanager\io.ebu.eis.contentmanager.csproj", "{4DADE0BE-C6E6-4B62-B24A-D9EC3A935B11}"
EndProject
Project("{FAE04EC0-301F-11D3-BF4B-00C04F79EFBC}") = "io.ebu.eis.datastructures", "io.ebu.eis.datastructures\io.ebu.eis.datastructures.csproj", "{7CE61FC1-D140-4EB3-B2A0-EFD395F8D1DB}"
EndProject
Project("{FAE04EC0-301F-11D3-BF4B-00C04F79EFBC}") = "io.ebu.eis.mq", "io.ebu.eis.mq\io.ebu.eis.mq.csproj", "{36C58A7C-8FC5-4290-BCD5-8B56E2802497}"
EndProject
Project("{FAE04EC0-301F-11D3-BF4B-00C04F79EFBC}") = "io.ebu.eis.canvasgenerator", "io.ebu.eis.canvasgenerator\io.ebu.eis.canvasgenerator.csproj", "{490CA7A2-B578-490F-9561-4892D96969D4}"
EndProject
Project("{FAE04EC0-301F-11D3-BF4B-00C04F79EFBC}") = "io.ebu.eis.data.s3", "io.ebu.eis.data.s3\io.ebu.eis.data.s3.csproj", "{AFBC1F4D-B0AD-4AC8-8D0D-AC2B7298C4BD}"
EndProject
Project("{FAE04EC0-301F-11D3-BF4B-00C04F79EFBC}") = "io.ebu.eis.http", "io.ebu.eis.http\io.ebu.eis.http.csproj", "{3E251EB6-130A-49E1-80B7-BA98879162D1}"
EndProject
Project("{FAE04EC0-301F-11D3-BF4B-00C04F79EFBC}") = "io.ebu.eis.data.file", "io.ebu.eis.data.file\io.ebu.eis.data.file.csproj", "{06E8F7AF-DA76-4F90-BCC6-B43AABD4414C}"
EndProject
Project("{FAE04EC0-301F-11D3-BF4B-00C04F79EFBC}") = "io.ebu.eis.data.ftp", "io.ebu.eis.data.ftp\io.ebu.eis.data.ftp.csproj", "{4D97FB11-B83B-47DF-8FE2-70A94A10385D}"
EndProject
Project("{FAE04EC0-301F-11D3-BF4B-00C04F79EFBC}") = "io.ebu.eis.stomp", "io.ebu.eis.stomp\io.ebu.eis.stomp.csproj", "{02A3FD2C-6DC9-434F-A28A-CB8AFF8D50EA}"
EndProject
Project("{2150E333-8FDC-42A3-9474-1A3956D46DE8}") = "Solution Items", "Solution Items", "{6F05D8F2-C47C-4E81-8C05-E8C17A574A6B}"
	ProjectSection(SolutionItems) = preProject
		LICENSE = LICENSE
		README.md = README.md
	EndProjectSection
EndProject
Project("{2150E333-8FDC-42A3-9474-1A3956D46DE8}") = "doc", "doc", "{CAF0184F-033A-4C55-8B83-36C5500A77C3}"
	ProjectSection(SolutionItems) = preProject
		doc\API.md = doc\API.md
		doc\Configuration.md = doc\Configuration.md
		doc\HTMLTemplates.md = doc\HTMLTemplates.md
		doc\Manual.md = doc\Manual.md
		doc\README.md = doc\README.md
	EndProjectSection
EndProject
Project("{2150E333-8FDC-42A3-9474-1A3956D46DE8}") = "img", "img", "{F32CFC1B-843E-451D-B91F-49DEF1C6ED91}"
	ProjectSection(SolutionItems) = preProject
		doc\img\cm_screenshot.png = doc\img\cm_screenshot.png
	EndProjectSection
EndProject
Project("{FAE04EC0-301F-11D3-BF4B-00C04F79EFBC}") = "io.ebu.eis.worker", "io.ebu.eis.worker\io.ebu.eis.worker.csproj", "{46CF9C05-18DE-404C-A6BB-19920276B4B9}"
EndProject
Project("{FAE04EC0-301F-11D3-BF4B-00C04F79EFBC}") = "io.ebu.eis.shared", "io.ebu.eis.shared\io.ebu.eis.shared.csproj", "{88FBE6F3-7FC9-4940-8403-BBCF93BE6EDC}"
EndProject
Global
	GlobalSection(SolutionConfigurationPlatforms) = preSolution
		Debug|Any CPU = Debug|Any CPU
		Debug|Mixed Platforms = Debug|Mixed Platforms
		Debug|x86 = Debug|x86
		Release|Any CPU = Release|Any CPU
		Release|Mixed Platforms = Release|Mixed Platforms
		Release|x86 = Release|x86
	EndGlobalSection
	GlobalSection(ProjectConfigurationPlatforms) = postSolution
		{4DADE0BE-C6E6-4B62-B24A-D9EC3A935B11}.Debug|Any CPU.ActiveCfg = Debug|Any CPU
		{4DADE0BE-C6E6-4B62-B24A-D9EC3A935B11}.Debug|Any CPU.Build.0 = Debug|Any CPU
		{4DADE0BE-C6E6-4B62-B24A-D9EC3A935B11}.Debug|Mixed Platforms.ActiveCfg = Debug|Any CPU
		{4DADE0BE-C6E6-4B62-B24A-D9EC3A935B11}.Debug|Mixed Platforms.Build.0 = Debug|Any CPU
		{4DADE0BE-C6E6-4B62-B24A-D9EC3A935B11}.Debug|x86.ActiveCfg = Debug|Any CPU
		{4DADE0BE-C6E6-4B62-B24A-D9EC3A935B11}.Release|Any CPU.ActiveCfg = Release|Any CPU
		{4DADE0BE-C6E6-4B62-B24A-D9EC3A935B11}.Release|Any CPU.Build.0 = Release|Any CPU
		{4DADE0BE-C6E6-4B62-B24A-D9EC3A935B11}.Release|Mixed Platforms.ActiveCfg = Release|Any CPU
		{4DADE0BE-C6E6-4B62-B24A-D9EC3A935B11}.Release|Mixed Platforms.Build.0 = Release|Any CPU
		{4DADE0BE-C6E6-4B62-B24A-D9EC3A935B11}.Release|x86.ActiveCfg = Release|Any CPU
		{7CE61FC1-D140-4EB3-B2A0-EFD395F8D1DB}.Debug|Any CPU.ActiveCfg = Debug|Any CPU
		{7CE61FC1-D140-4EB3-B2A0-EFD395F8D1DB}.Debug|Any CPU.Build.0 = Debug|Any CPU
		{7CE61FC1-D140-4EB3-B2A0-EFD395F8D1DB}.Debug|Mixed Platforms.ActiveCfg = Debug|Any CPU
		{7CE61FC1-D140-4EB3-B2A0-EFD395F8D1DB}.Debug|Mixed Platforms.Build.0 = Debug|Any CPU
		{7CE61FC1-D140-4EB3-B2A0-EFD395F8D1DB}.Debug|x86.ActiveCfg = Debug|Any CPU
		{7CE61FC1-D140-4EB3-B2A0-EFD395F8D1DB}.Release|Any CPU.ActiveCfg = Release|Any CPU
		{7CE61FC1-D140-4EB3-B2A0-EFD395F8D1DB}.Release|Any CPU.Build.0 = Release|Any CPU
		{7CE61FC1-D140-4EB3-B2A0-EFD395F8D1DB}.Release|Mixed Platforms.ActiveCfg = Release|Any CPU
		{7CE61FC1-D140-4EB3-B2A0-EFD395F8D1DB}.Release|Mixed Platforms.Build.0 = Release|Any CPU
		{7CE61FC1-D140-4EB3-B2A0-EFD395F8D1DB}.Release|x86.ActiveCfg = Release|Any CPU
		{36C58A7C-8FC5-4290-BCD5-8B56E2802497}.Debug|Any CPU.ActiveCfg = Debug|Any CPU
		{36C58A7C-8FC5-4290-BCD5-8B56E2802497}.Debug|Any CPU.Build.0 = Debug|Any CPU
		{36C58A7C-8FC5-4290-BCD5-8B56E2802497}.Debug|Mixed Platforms.ActiveCfg = Debug|Any CPU
		{36C58A7C-8FC5-4290-BCD5-8B56E2802497}.Debug|Mixed Platforms.Build.0 = Debug|Any CPU
		{36C58A7C-8FC5-4290-BCD5-8B56E2802497}.Debug|x86.ActiveCfg = Debug|Any CPU
		{36C58A7C-8FC5-4290-BCD5-8B56E2802497}.Release|Any CPU.ActiveCfg = Release|Any CPU
		{36C58A7C-8FC5-4290-BCD5-8B56E2802497}.Release|Any CPU.Build.0 = Release|Any CPU
		{36C58A7C-8FC5-4290-BCD5-8B56E2802497}.Release|Mixed Platforms.ActiveCfg = Release|Any CPU
		{36C58A7C-8FC5-4290-BCD5-8B56E2802497}.Release|Mixed Platforms.Build.0 = Release|Any CPU
		{36C58A7C-8FC5-4290-BCD5-8B56E2802497}.Release|x86.ActiveCfg = Release|Any CPU
		{490CA7A2-B578-490F-9561-4892D96969D4}.Debug|Any CPU.ActiveCfg = Debug|Any CPU
		{490CA7A2-B578-490F-9561-4892D96969D4}.Debug|Any CPU.Build.0 = Debug|Any CPU
		{490CA7A2-B578-490F-9561-4892D96969D4}.Debug|Mixed Platforms.ActiveCfg = Debug|Any CPU
		{490CA7A2-B578-490F-9561-4892D96969D4}.Debug|Mixed Platforms.Build.0 = Debug|Any CPU
		{490CA7A2-B578-490F-9561-4892D96969D4}.Debug|x86.ActiveCfg = Debug|Any CPU
		{490CA7A2-B578-490F-9561-4892D96969D4}.Release|Any CPU.ActiveCfg = Release|Any CPU
		{490CA7A2-B578-490F-9561-4892D96969D4}.Release|Any CPU.Build.0 = Release|Any CPU
		{490CA7A2-B578-490F-9561-4892D96969D4}.Release|Mixed Platforms.ActiveCfg = Release|Any CPU
		{490CA7A2-B578-490F-9561-4892D96969D4}.Release|Mixed Platforms.Build.0 = Release|Any CPU
		{490CA7A2-B578-490F-9561-4892D96969D4}.Release|x86.ActiveCfg = Release|Any CPU
		{AFBC1F4D-B0AD-4AC8-8D0D-AC2B7298C4BD}.Debug|Any CPU.ActiveCfg = Debug|Any CPU
		{AFBC1F4D-B0AD-4AC8-8D0D-AC2B7298C4BD}.Debug|Any CPU.Build.0 = Debug|Any CPU
		{AFBC1F4D-B0AD-4AC8-8D0D-AC2B7298C4BD}.Debug|Mixed Platforms.ActiveCfg = Debug|Any CPU
		{AFBC1F4D-B0AD-4AC8-8D0D-AC2B7298C4BD}.Debug|Mixed Platforms.Build.0 = Debug|Any CPU
		{AFBC1F4D-B0AD-4AC8-8D0D-AC2B7298C4BD}.Debug|x86.ActiveCfg = Debug|Any CPU
		{AFBC1F4D-B0AD-4AC8-8D0D-AC2B7298C4BD}.Release|Any CPU.ActiveCfg = Release|Any CPU
		{AFBC1F4D-B0AD-4AC8-8D0D-AC2B7298C4BD}.Release|Any CPU.Build.0 = Release|Any CPU
		{AFBC1F4D-B0AD-4AC8-8D0D-AC2B7298C4BD}.Release|Mixed Platforms.ActiveCfg = Release|Any CPU
		{AFBC1F4D-B0AD-4AC8-8D0D-AC2B7298C4BD}.Release|Mixed Platforms.Build.0 = Release|Any CPU
		{AFBC1F4D-B0AD-4AC8-8D0D-AC2B7298C4BD}.Release|x86.ActiveCfg = Release|Any CPU
		{3E251EB6-130A-49E1-80B7-BA98879162D1}.Debug|Any CPU.ActiveCfg = Debug|Any CPU
		{3E251EB6-130A-49E1-80B7-BA98879162D1}.Debug|Any CPU.Build.0 = Debug|Any CPU
		{3E251EB6-130A-49E1-80B7-BA98879162D1}.Debug|Mixed Platforms.ActiveCfg = Debug|Any CPU
		{3E251EB6-130A-49E1-80B7-BA98879162D1}.Debug|Mixed Platforms.Build.0 = Debug|Any CPU
		{3E251EB6-130A-49E1-80B7-BA98879162D1}.Debug|x86.ActiveCfg = Debug|Any CPU
		{3E251EB6-130A-49E1-80B7-BA98879162D1}.Release|Any CPU.ActiveCfg = Release|Any CPU
		{3E251EB6-130A-49E1-80B7-BA98879162D1}.Release|Any CPU.Build.0 = Release|Any CPU
		{3E251EB6-130A-49E1-80B7-BA98879162D1}.Release|Mixed Platforms.ActiveCfg = Release|Any CPU
		{3E251EB6-130A-49E1-80B7-BA98879162D1}.Release|Mixed Platforms.Build.0 = Release|Any CPU
		{3E251EB6-130A-49E1-80B7-BA98879162D1}.Release|x86.ActiveCfg = Release|Any CPU
		{06E8F7AF-DA76-4F90-BCC6-B43AABD4414C}.Debug|Any CPU.ActiveCfg = Debug|Any CPU
		{06E8F7AF-DA76-4F90-BCC6-B43AABD4414C}.Debug|Any CPU.Build.0 = Debug|Any CPU
		{06E8F7AF-DA76-4F90-BCC6-B43AABD4414C}.Debug|Mixed Platforms.ActiveCfg = Debug|Any CPU
		{06E8F7AF-DA76-4F90-BCC6-B43AABD4414C}.Debug|Mixed Platforms.Build.0 = Debug|Any CPU
		{06E8F7AF-DA76-4F90-BCC6-B43AABD4414C}.Debug|x86.ActiveCfg = Debug|Any CPU
		{06E8F7AF-DA76-4F90-BCC6-B43AABD4414C}.Release|Any CPU.ActiveCfg = Release|Any CPU
		{06E8F7AF-DA76-4F90-BCC6-B43AABD4414C}.Release|Any CPU.Build.0 = Release|Any CPU
		{06E8F7AF-DA76-4F90-BCC6-B43AABD4414C}.Release|Mixed Platforms.ActiveCfg = Release|Any CPU
		{06E8F7AF-DA76-4F90-BCC6-B43AABD4414C}.Release|Mixed Platforms.Build.0 = Release|Any CPU
		{06E8F7AF-DA76-4F90-BCC6-B43AABD4414C}.Release|x86.ActiveCfg = Release|Any CPU
		{4D97FB11-B83B-47DF-8FE2-70A94A10385D}.Debug|Any CPU.ActiveCfg = Debug|Any CPU
		{4D97FB11-B83B-47DF-8FE2-70A94A10385D}.Debug|Any CPU.Build.0 = Debug|Any CPU
		{4D97FB11-B83B-47DF-8FE2-70A94A10385D}.Debug|Mixed Platforms.ActiveCfg = Debug|Any CPU
		{4D97FB11-B83B-47DF-8FE2-70A94A10385D}.Debug|Mixed Platforms.Build.0 = Debug|Any CPU
		{4D97FB11-B83B-47DF-8FE2-70A94A10385D}.Debug|x86.ActiveCfg = Debug|Any CPU
		{4D97FB11-B83B-47DF-8FE2-70A94A10385D}.Release|Any CPU.ActiveCfg = Release|Any CPU
		{4D97FB11-B83B-47DF-8FE2-70A94A10385D}.Release|Any CPU.Build.0 = Release|Any CPU
		{4D97FB11-B83B-47DF-8FE2-70A94A10385D}.Release|Mixed Platforms.ActiveCfg = Release|Any CPU
		{4D97FB11-B83B-47DF-8FE2-70A94A10385D}.Release|Mixed Platforms.Build.0 = Release|Any CPU
		{4D97FB11-B83B-47DF-8FE2-70A94A10385D}.Release|x86.ActiveCfg = Release|Any CPU
		{02A3FD2C-6DC9-434F-A28A-CB8AFF8D50EA}.Debug|Any CPU.ActiveCfg = Debug|Any CPU
		{02A3FD2C-6DC9-434F-A28A-CB8AFF8D50EA}.Debug|Any CPU.Build.0 = Debug|Any CPU
		{02A3FD2C-6DC9-434F-A28A-CB8AFF8D50EA}.Debug|Mixed Platforms.ActiveCfg = Debug|Any CPU
		{02A3FD2C-6DC9-434F-A28A-CB8AFF8D50EA}.Debug|Mixed Platforms.Build.0 = Debug|Any CPU
		{02A3FD2C-6DC9-434F-A28A-CB8AFF8D50EA}.Debug|x86.ActiveCfg = Debug|Any CPU
		{02A3FD2C-6DC9-434F-A28A-CB8AFF8D50EA}.Release|Any CPU.ActiveCfg = Release|Any CPU
		{02A3FD2C-6DC9-434F-A28A-CB8AFF8D50EA}.Release|Any CPU.Build.0 = Release|Any CPU
		{02A3FD2C-6DC9-434F-A28A-CB8AFF8D50EA}.Release|Mixed Platforms.ActiveCfg = Release|Any CPU
		{02A3FD2C-6DC9-434F-A28A-CB8AFF8D50EA}.Release|Mixed Platforms.Build.0 = Release|Any CPU
		{02A3FD2C-6DC9-434F-A28A-CB8AFF8D50EA}.Release|x86.ActiveCfg = Release|Any CPU
		{46CF9C05-18DE-404C-A6BB-19920276B4B9}.Debug|Any CPU.ActiveCfg = Debug|Any CPU
		{46CF9C05-18DE-404C-A6BB-19920276B4B9}.Debug|Any CPU.Build.0 = Debug|Any CPU
		{46CF9C05-18DE-404C-A6BB-19920276B4B9}.Debug|Mixed Platforms.ActiveCfg = Debug|Any CPU
		{46CF9C05-18DE-404C-A6BB-19920276B4B9}.Debug|Mixed Platforms.Build.0 = Debug|Any CPU
		{46CF9C05-18DE-404C-A6BB-19920276B4B9}.Debug|x86.ActiveCfg = Debug|Any CPU
		{46CF9C05-18DE-404C-A6BB-19920276B4B9}.Debug|x86.Build.0 = Debug|Any CPU
		{46CF9C05-18DE-404C-A6BB-19920276B4B9}.Release|Any CPU.ActiveCfg = Release|Any CPU
		{46CF9C05-18DE-404C-A6BB-19920276B4B9}.Release|Any CPU.Build.0 = Release|Any CPU
		{46CF9C05-18DE-404C-A6BB-19920276B4B9}.Release|Mixed Platforms.ActiveCfg = Release|Any CPU
		{46CF9C05-18DE-404C-A6BB-19920276B4B9}.Release|Mixed Platforms.Build.0 = Release|Any CPU
		{46CF9C05-18DE-404C-A6BB-19920276B4B9}.Release|x86.ActiveCfg = Release|Any CPU
		{46CF9C05-18DE-404C-A6BB-19920276B4B9}.Release|x86.Build.0 = Release|Any CPU
		{88FBE6F3-7FC9-4940-8403-BBCF93BE6EDC}.Debug|Any CPU.ActiveCfg = Debug|Any CPU
		{88FBE6F3-7FC9-4940-8403-BBCF93BE6EDC}.Debug|Any CPU.Build.0 = Debug|Any CPU
		{88FBE6F3-7FC9-4940-8403-BBCF93BE6EDC}.Debug|Mixed Platforms.ActiveCfg = Debug|Any CPU
		{88FBE6F3-7FC9-4940-8403-BBCF93BE6EDC}.Debug|Mixed Platforms.Build.0 = Debug|Any CPU
		{88FBE6F3-7FC9-4940-8403-BBCF93BE6EDC}.Debug|x86.ActiveCfg = Debug|Any CPU
		{88FBE6F3-7FC9-4940-8403-BBCF93BE6EDC}.Debug|x86.Build.0 = Debug|Any CPU
		{88FBE6F3-7FC9-4940-8403-BBCF93BE6EDC}.Release|Any CPU.ActiveCfg = Release|Any CPU
		{88FBE6F3-7FC9-4940-8403-BBCF93BE6EDC}.Release|Any CPU.Build.0 = Release|Any CPU
		{88FBE6F3-7FC9-4940-8403-BBCF93BE6EDC}.Release|Mixed Platforms.ActiveCfg = Release|Any CPU
		{88FBE6F3-7FC9-4940-8403-BBCF93BE6EDC}.Release|Mixed Platforms.Build.0 = Release|Any CPU
		{88FBE6F3-7FC9-4940-8403-BBCF93BE6EDC}.Release|x86.ActiveCfg = Release|Any CPU
		{88FBE6F3-7FC9-4940-8403-BBCF93BE6EDC}.Release|x86.Build.0 = Release|Any CPU
	EndGlobalSection
	GlobalSection(SolutionProperties) = preSolution
		HideSolutionNode = FALSE
	EndGlobalSection
	GlobalSection(NestedProjects) = preSolution
		{F32CFC1B-843E-451D-B91F-49DEF1C6ED91} = {CAF0184F-033A-4C55-8B83-36C5500A77C3}
	EndGlobalSection
EndGlobal
