
Microsoft Visual Studio Solution File, Format Version 12.00
# Visual Studio 2013
VisualStudioVersion = 12.0.30723.0
MinimumVisualStudioVersion = 10.0.40219.1
Project("{FAE04EC0-301F-11D3-BF4B-00C04F79EFBC}") = "io.ebu.eis.contentmanager", "io.ebu.eis.contentmanager\io.ebu.eis.contentmanager.csproj", "{4DADE0BE-C6E6-4B62-B24A-D9EC3A935B11}"
EndProject
Project("{FAE04EC0-301F-11D3-BF4B-00C04F79EFBC}") = "io.ebu.eis.datastructures", "io.ebu.eis.datastructures\io.ebu.eis.datastructures.csproj", "{7CE61FC1-D140-4EB3-B2A0-EFD395F8D1DB}"
EndProject
Project("{FAE04EC0-301F-11D3-BF4B-00C04F79EFBC}") = "io.ebu.eis.mq", "io.ebu.eis.mq\io.ebu.eis.mq.csproj", "{36C58A7C-8FC5-4290-BCD5-8B56E2802497}"
EndProject
Project("{FAE04EC0-301F-11D3-BF4B-00C04F79EFBC}") = "io.ebu.eis.canvasgenerator", "io.ebu.eis.canvasgenerator\io.ebu.eis.canvasgenerator.csproj", "{490CA7A2-B578-490F-9561-4892D96969D4}"
EndProject
Project("{FAE04EC0-301F-11D3-BF4B-00C04F79EFBC}") = "io.ebu.eis.data.s3", "io.ebu.eis.data.s3\io.ebu.eis.data.s3.csproj", "{AFBC1F4D-B0AD-4AC8-8D0D-AC2B7298C4BD}"
EndProject
Project("{FAE04EC0-301F-11D3-BF4B-00C04F79EFBC}") = "io.ebu.eis.http", "io.ebu.eis.http\io.ebu.eis.http.csproj", "{3E251EB6-130A-49E1-80B7-BA98879162D1}"
EndProject
Project("{FAE04EC0-301F-11D3-BF4B-00C04F79EFBC}") = "io.ebu.eis.data.file", "io.ebu.eis.data.file\io.ebu.eis.data.file.csproj", "{06E8F7AF-DA76-4F90-BCC6-B43AABD4414C}"
EndProject
Project("{FAE04EC0-301F-11D3-BF4B-00C04F79EFBC}") = "io.ebu.eis.data.ftp", "io.ebu.eis.data.ftp\io.ebu.eis.data.ftp.csproj", "{4D97FB11-B83B-47DF-8FE2-70A94A10385D}"
EndProject
Project("{FAE04EC0-301F-11D3-BF4B-00C04F79EFBC}") = "io.ebu.eis.stomp", "io.ebu.eis.stomp\io.ebu.eis.stomp.csproj", "{02A3FD2C-6DC9-434F-A28A-CB8AFF8D50EA}"
EndProject
Global
	GlobalSection(SolutionConfigurationPlatforms) = preSolution
		Debug|Any CPU = Debug|Any CPU
		Debug|Mixed Platforms = Debug|Mixed Platforms
		Debug|x86 = Debug|x86
		Release|Any CPU = Release|Any CPU
		Release|Mixed Platforms = Release|Mixed Platforms
		Release|x86 = Release|x86
	EndGlobalSection
	GlobalSection(ProjectConfigurationPlatforms) = postSolution
		{4DADE0BE-C6E6-4B62-B24A-D9EC3A935B11}.Debug|Any CPU.ActiveCfg = Debug|Any CPU
		{4DADE0BE-C6E6-4B62-B24A-D9EC3A935B11}.Debug|Any CPU.Build.0 = Debug|Any CPU
		{4DADE0BE-C6E6-4B62-B24A-D9EC3A935B11}.Debug|Mixed Platforms.ActiveCfg = Debug|Any CPU
		{4DADE0BE-C6E6-4B62-B24A-D9EC3A935B11}.Debug|Mixed Platforms.Build.0 = Debug|Any CPU
		{4DADE0BE-C6E6-4B62-B24A-D9EC3A935B11}.Debug|x86.ActiveCfg = Debug|Any CPU
		{4DADE0BE-C6E6-4B62-B24A-D9EC3A935B11}.Release|Any CPU.ActiveCfg = Release|Any CPU
		{4DADE0BE-C6E6-4B62-B24A-D9EC3A935B11}.Release|Any CPU.Build.0 = Release|Any CPU
		{4DADE0BE-C6E6-4B62-B24A-D9EC3A935B11}.Release|Mixed Platforms.ActiveCfg = Release|Any CPU
		{4DADE0BE-C6E6-4B62-B24A-D9EC3A935B11}.Release|Mixed Platforms.Build.0 = Release|Any CPU
		{4DADE0BE-C6E6-4B62-B24A-D9EC3A935B11}.Release|x86.ActiveCfg = Release|Any CPU
		{7CE61FC1-D140-4EB3-B2A0-EFD395F8D1DB}.Debug|Any CPU.ActiveCfg = Debug|Any CPU
		{7CE61FC1-D140-4EB3-B2A0-EFD395F8D1DB}.Debug|Any CPU.Build.0 = Debug|Any CPU
		{7CE61FC1-D140-4EB3-B2A0-EFD395F8D1DB}.Debug|Mixed Platforms.ActiveCfg = Debug|Any CPU
		{7CE61FC1-D140-4EB3-B2A0-EFD395F8D1DB}.Debug|Mixed Platforms.Build.0 = Debug|Any CPU
		{7CE61FC1-D140-4EB3-B2A0-EFD395F8D1DB}.Debug|x86.ActiveCfg = Debug|Any CPU
		{7CE61FC1-D140-4EB3-B2A0-EFD395F8D1DB}.Release|Any CPU.ActiveCfg = Release|Any CPU
		{7CE61FC1-D140-4EB3-B2A0-EFD395F8D1DB}.Release|Any CPU.Build.0 = Release|Any CPU
		{7CE61FC1-D140-4EB3-B2A0-EFD395F8D1DB}.Release|Mixed Platforms.ActiveCfg = Release|Any CPU
		{7CE61FC1-D140-4EB3-B2A0-EFD395F8D1DB}.Release|Mixed Platforms.Build.0 = Release|Any CPU
		{7CE61FC1-D140-4EB3-B2A0-EFD395F8D1DB}.Release|x86.ActiveCfg = Release|Any CPU
		{36C58A7C-8FC5-4290-BCD5-8B56E2802497}.Debug|Any CPU.ActiveCfg = Debug|Any CPU
		{36C58A7C-8FC5-4290-BCD5-8B56E2802497}.Debug|Any CPU.Build.0 = Debug|Any CPU
		{36C58A7C-8FC5-4290-BCD5-8B56E2802497}.Debug|Mixed Platforms.ActiveCfg = Debug|Any CPU
		{36C58A7C-8FC5-4290-BCD5-8B56E2802497}.Debug|Mixed Platforms.Build.0 = Debug|Any CPU
		{36C58A7C-8FC5-4290-BCD5-8B56E2802497}.Debug|x86.ActiveCfg = Debug|Any CPU
		{36C58A7C-8FC5-4290-BCD5-8B56E2802497}.Release|Any CPU.ActiveCfg = Release|Any CPU
		{36C58A7C-8FC5-4290-BCD5-8B56E2802497}.Release|Any CPU.Build.0 = Release|Any CPU
		{36C58A7C-8FC5-4290-BCD5-8B56E2802497}.Release|Mixed Platforms.ActiveCfg = Release|Any CPU
		{36C58A7C-8FC5-4290-BCD5-8B56E2802497}.Release|Mixed Platforms.Build.0 = Release|Any CPU
		{36C58A7C-8FC5-4290-BCD5-8B56E2802497}.Release|x86.ActiveCfg = Release|Any CPU
		{490CA7A2-B578-490F-9561-4892D96969D4}.Debug|Any CPU.ActiveCfg = Debug|Any CPU
		{490CA7A2-B578-490F-9561-4892D96969D4}.Debug|Any CPU.Build.0 = Debug|Any CPU
		{490CA7A2-B578-490F-9561-4892D96969D4}.Debug|Mixed Platforms.ActiveCfg = Debug|Any CPU
		{490CA7A2-B578-490F-9561-4892D96969D4}.Debug|Mixed Platforms.Build.0 = Debug|Any CPU
		{490CA7A2-B578-490F-9561-4892D96969D4}.Debug|x86.ActiveCfg = Debug|Any CPU
		{490CA7A2-B578-490F-9561-4892D96969D4}.Release|Any CPU.ActiveCfg = Release|Any CPU
		{490CA7A2-B578-490F-9561-4892D96969D4}.Release|Any CPU.Build.0 = Release|Any CPU
		{490CA7A2-B578-490F-9561-4892D96969D4}.Release|Mixed Platforms.ActiveCfg = Release|Any CPU
		{490CA7A2-B578-490F-9561-4892D96969D4}.Release|Mixed Platforms.Build.0 = Release|Any CPU
		{490CA7A2-B578-490F-9561-4892D96969D4}.Release|x86.ActiveCfg = Release|Any CPU
		{AFBC1F4D-B0AD-4AC8-8D0D-AC2B7298C4BD}.Debug|Any CPU.ActiveCfg = Debug|Any CPU
		{AFBC1F4D-B0AD-4AC8-8D0D-AC2B7298C4BD}.Debug|Any CPU.Build.0 = Debug|Any CPU
		{AFBC1F4D-B0AD-4AC8-8D0D-AC2B7298C4BD}.Debug|Mixed Platforms.ActiveCfg = Debug|Any CPU
		{AFBC1F4D-B0AD-4AC8-8D0D-AC2B7298C4BD}.Debug|Mixed Platforms.Build.0 = Debug|Any CPU
		{AFBC1F4D-B0AD-4AC8-8D0D-AC2B7298C4BD}.Debug|x86.ActiveCfg = Debug|Any CPU
		{AFBC1F4D-B0AD-4AC8-8D0D-AC2B7298C4BD}.Release|Any CPU.ActiveCfg = Release|Any CPU
		{AFBC1F4D-B0AD-4AC8-8D0D-AC2B7298C4BD}.Release|Any CPU.Build.0 = Release|Any CPU
		{AFBC1F4D-B0AD-4AC8-8D0D-AC2B7298C4BD}.Release|Mixed Platforms.ActiveCfg = Release|Any CPU
		{AFBC1F4D-B0AD-4AC8-8D0D-AC2B7298C4BD}.Release|Mixed Platforms.Build.0 = Release|Any CPU
		{AFBC1F4D-B0AD-4AC8-8D0D-AC2B7298C4BD}.Release|x86.ActiveCfg = Release|Any CPU
		{3E251EB6-130A-49E1-80B7-BA98879162D1}.Debug|Any CPU.ActiveCfg = Debug|Any CPU
		{3E251EB6-130A-49E1-80B7-BA98879162D1}.Debug|Any CPU.Build.0 = Debug|Any CPU
		{3E251EB6-130A-49E1-80B7-BA98879162D1}.Debug|Mixed Platforms.ActiveCfg = Debug|Any CPU
		{3E251EB6-130A-49E1-80B7-BA98879162D1}.Debug|Mixed Platforms.Build.0 = Debug|Any CPU
		{3E251EB6-130A-49E1-80B7-BA98879162D1}.Debug|x86.ActiveCfg = Debug|Any CPU
		{3E251EB6-130A-49E1-80B7-BA98879162D1}.Release|Any CPU.ActiveCfg = Release|Any CPU
		{3E251EB6-130A-49E1-80B7-BA98879162D1}.Release|Any CPU.Build.0 = Release|Any CPU
		{3E251EB6-130A-49E1-80B7-BA98879162D1}.Release|Mixed Platforms.ActiveCfg = Release|Any CPU
		{3E251EB6-130A-49E1-80B7-BA98879162D1}.Release|Mixed Platforms.Build.0 = Release|Any CPU
		{3E251EB6-130A-49E1-80B7-BA98879162D1}.Release|x86.ActiveCfg = Release|Any CPU
		{06E8F7AF-DA76-4F90-BCC6-B43AABD4414C}.Debug|Any CPU.ActiveCfg = Debug|Any CPU
		{06E8F7AF-DA76-4F90-BCC6-B43AABD4414C}.Debug|Any CPU.Build.0 = Debug|Any CPU
		{06E8F7AF-DA76-4F90-BCC6-B43AABD4414C}.Debug|Mixed Platforms.ActiveCfg = Debug|Any CPU
		{06E8F7AF-DA76-4F90-BCC6-B43AABD4414C}.Debug|Mixed Platforms.Build.0 = Debug|Any CPU
		{06E8F7AF-DA76-4F90-BCC6-B43AABD4414C}.Debug|x86.ActiveCfg = Debug|Any CPU
		{06E8F7AF-DA76-4F90-BCC6-B43AABD4414C}.Release|Any CPU.ActiveCfg = Release|Any CPU
		{06E8F7AF-DA76-4F90-BCC6-B43AABD4414C}.Release|Any CPU.Build.0 = Release|Any CPU
		{06E8F7AF-DA76-4F90-BCC6-B43AABD4414C}.Release|Mixed Platforms.ActiveCfg = Release|Any CPU
		{06E8F7AF-DA76-4F90-BCC6-B43AABD4414C}.Release|Mixed Platforms.Build.0 = Release|Any CPU
		{06E8F7AF-DA76-4F90-BCC6-B43AABD4414C}.Release|x86.ActiveCfg = Release|Any CPU
		{4D97FB11-B83B-47DF-8FE2-70A94A10385D}.Debug|Any CPU.ActiveCfg = Debug|Any CPU
		{4D97FB11-B83B-47DF-8FE2-70A94A10385D}.Debug|Any CPU.Build.0 = Debug|Any CPU
		{4D97FB11-B83B-47DF-8FE2-70A94A10385D}.Debug|Mixed Platforms.ActiveCfg = Debug|Any CPU
		{4D97FB11-B83B-47DF-8FE2-70A94A10385D}.Debug|Mixed Platforms.Build.0 = Debug|Any CPU
		{4D97FB11-B83B-47DF-8FE2-70A94A10385D}.Debug|x86.ActiveCfg = Debug|Any CPU
		{4D97FB11-B83B-47DF-8FE2-70A94A10385D}.Release|Any CPU.ActiveCfg = Release|Any CPU
		{4D97FB11-B83B-47DF-8FE2-70A94A10385D}.Release|Any CPU.Build.0 = Release|Any CPU
		{4D97FB11-B83B-47DF-8FE2-70A94A10385D}.Release|Mixed Platforms.ActiveCfg = Release|Any CPU
		{4D97FB11-B83B-47DF-8FE2-70A94A10385D}.Release|Mixed Platforms.Build.0 = Release|Any CPU
		{4D97FB11-B83B-47DF-8FE2-70A94A10385D}.Release|x86.ActiveCfg = Release|Any CPU
		{02A3FD2C-6DC9-434F-A28A-CB8AFF8D50EA}.Debug|Any CPU.ActiveCfg = Debug|Any CPU
		{02A3FD2C-6DC9-434F-A28A-CB8AFF8D50EA}.Debug|Any CPU.Build.0 = Debug|Any CPU
		{02A3FD2C-6DC9-434F-A28A-CB8AFF8D50EA}.Debug|Mixed Platforms.ActiveCfg = Debug|Any CPU
		{02A3FD2C-6DC9-434F-A28A-CB8AFF8D50EA}.Debug|Mixed Platforms.Build.0 = Debug|Any CPU
		{02A3FD2C-6DC9-434F-A28A-CB8AFF8D50EA}.Debug|x86.ActiveCfg = Debug|Any CPU
		{02A3FD2C-6DC9-434F-A28A-CB8AFF8D50EA}.Release|Any CPU.ActiveCfg = Release|Any CPU
		{02A3FD2C-6DC9-434F-A28A-CB8AFF8D50EA}.Release|Any CPU.Build.0 = Release|Any CPU
		{02A3FD2C-6DC9-434F-A28A-CB8AFF8D50EA}.Release|Mixed Platforms.ActiveCfg = Release|Any CPU
		{02A3FD2C-6DC9-434F-A28A-CB8AFF8D50EA}.Release|Mixed Platforms.Build.0 = Release|Any CPU
		{02A3FD2C-6DC9-434F-A28A-CB8AFF8D50EA}.Release|x86.ActiveCfg = Release|Any CPU
	EndGlobalSection
	GlobalSection(SolutionProperties) = preSolution
		HideSolutionNode = FALSE
	EndGlobalSection
EndGlobal
